// !$*UTF8*$!
{
	archiveVersion = 1;
	classes = {
	};
	objectVersion = 50;
	objects = {

/* Begin PBXBuildFile section */
		ABE778742517F03F000E65B4 /* AppDelegate.swift in Sources */ = {isa = PBXBuildFile; fileRef = ABE778732517F03F000E65B4 /* AppDelegate.swift */; };
		ABE778762517F03F000E65B4 /* SceneDelegate.swift in Sources */ = {isa = PBXBuildFile; fileRef = ABE778752517F03F000E65B4 /* SceneDelegate.swift */; };
		ABE778782517F03F000E65B4 /* ViewController.swift in Sources */ = {isa = PBXBuildFile; fileRef = ABE778772517F03F000E65B4 /* ViewController.swift */; };
		ABE7787B2517F03F000E65B4 /* Main.storyboard in Resources */ = {isa = PBXBuildFile; fileRef = ABE778792517F03F000E65B4 /* Main.storyboard */; };
		ABE7787D2517F044000E65B4 /* Assets.xcassets in Resources */ = {isa = PBXBuildFile; fileRef = ABE7787C2517F044000E65B4 /* Assets.xcassets */; };
		ABE778802517F044000E65B4 /* LaunchScreen.storyboard in Resources */ = {isa = PBXBuildFile; fileRef = ABE7787E2517F044000E65B4 /* LaunchScreen.storyboard */; };
/* End PBXBuildFile section */

/* Begin PBXFileReference section */
		ABE778702517F03F000E65B4 /* BipTheGuy.app */ = {isa = PBXFileReference; explicitFileType = wrapper.application; includeInIndex = 0; path = BipTheGuy.app; sourceTree = BUILT_PRODUCTS_DIR; };
		ABE778732517F03F000E65B4 /* AppDelegate.swift */ = {isa = PBXFileReference; lastKnownFileType = sourcecode.swift; path = AppDelegate.swift; sourceTree = "<group>"; };
		ABE778752517F03F000E65B4 /* SceneDelegate.swift */ = {isa = PBXFileReference; lastKnownFileType = sourcecode.swift; path = SceneDelegate.swift; sourceTree = "<group>"; };
		ABE778772517F03F000E65B4 /* ViewController.swift */ = {isa = PBXFileReference; lastKnownFileType = sourcecode.swift; path = ViewController.swift; sourceTree = "<group>"; };
		ABE7787A2517F03F000E65B4 /* Base */ = {isa = PBXFileReference; lastKnownFileType = file.storyboard; name = Base; path = Base.lproj/Main.storyboard; sourceTree = "<group>"; };
		ABE7787C2517F044000E65B4 /* Assets.xcassets */ = {isa = PBXFileReference; lastKnownFileType = folder.assetcatalog; path = Assets.xcassets; sourceTree = "<group>"; };
		ABE7787F2517F044000E65B4 /* Base */ = {isa = PBXFileReference; lastKnownFileType = file.storyboard; name = Base; path = Base.lproj/LaunchScreen.storyboard; sourceTree = "<group>"; };
		ABE778812517F044000E65B4 /* Info.plist */ = {isa = PBXFileReference; lastKnownFileType = text.plist.xml; path = Info.plist; sourceTree = "<group>"; };
/* End PBXFileReference section */

/* Begin PBXFrameworksBuildPhase section */
		ABE7786D2517F03F000E65B4 /* Frameworks */ = {
			isa = PBXFrameworksBuildPhase;
			buildActionMask = 2147483647;
			files = (
			);
			runOnlyForDeploymentPostprocessing = 0;
		};
/* End PBXFrameworksBuildPhase section */

/* Begin PBXGroup section */
		ABE778672517F03F000E65B4 = {
			isa = PBXGroup;
			children = (
				ABE778722517F03F000E65B4 /* BipTheGuy */,
				ABE778712517F03F000E65B4 /* Products */,
			);
			sourceTree = "<group>";
		};
		ABE778712517F03F000E65B4 /* Products */ = {
			isa = PBXGroup;
			children = (
				ABE778702517F03F000E65B4 /* BipTheGuy.app */,
			);
			name = Products;
			sourceTree = "<group>";
		};
		ABE778722517F03F000E65B4 /* BipTheGuy */ = {
			isa = PBXGroup;
			children = (
				ABE778732517F03F000E65B4 /* AppDelegate.swift */,
				ABE778752517F03F000E65B4 /* SceneDelegate.swift */,
				ABE778772517F03F000E65B4 /* ViewController.swift */,
				ABE778792517F03F000E65B4 /* Main.storyboard */,
				ABE7787C2517F044000E65B4 /* Assets.xcassets */,
				ABE7787E2517F044000E65B4 /* LaunchScreen.storyboard */,
				ABE778812517F044000E65B4 /* Info.plist */,
			);
			path = BipTheGuy;
			sourceTree = "<group>";
		};
/* End PBXGroup section */

/* Begin PBXNativeTarget section */
		ABE7786F2517F03F000E65B4 /* BipTheGuy */ = {
			isa = PBXNativeTarget;
			buildConfigurationList = ABE778842517F044000E65B4 /* Build configuration list for PBXNativeTarget "BipTheGuy" */;
			buildPhases = (
				ABE7786C2517F03F000E65B4 /* Sources */,
				ABE7786D2517F03F000E65B4 /* Frameworks */,
				ABE7786E2517F03F000E65B4 /* Resources */,
			);
			buildRules = (
			);
			dependencies = (
			);
			name = BipTheGuy;
			productName = BipTheGuy;
			productReference = ABE778702517F03F000E65B4 /* BipTheGuy.app */;
			productType = "com.apple.product-type.application";
		};
/* End PBXNativeTarget section */

/* Begin PBXProject section */
		ABE778682517F03F000E65B4 /* Project object */ = {
			isa = PBXProject;
			attributes = {
				LastSwiftUpdateCheck = 1160;
				LastUpgradeCheck = 1160;
				ORGANIZATIONNAME = "Young Hur";
				TargetAttributes = {
					ABE7786F2517F03F000E65B4 = {
						CreatedOnToolsVersion = 11.6;
					};
				};
			};
			buildConfigurationList = ABE7786B2517F03F000E65B4 /* Build configuration list for PBXProject "BipTheGuy" */;
			compatibilityVersion = "Xcode 9.3";
			developmentRegion = en;
			hasScannedForEncodings = 0;
			knownRegions = (
				en,
				Base,
			);
			mainGroup = ABE778672517F03F000E65B4;
			productRefGroup = ABE778712517F03F000E65B4 /* Products */;
			projectDirPath = "";
			projectRoot = "";
			targets = (
				ABE7786F2517F03F000E65B4 /* BipTheGuy */,
			);
		};
/* End PBXProject section */

/* Begin PBXResourcesBuildPhase section */
		ABE7786E2517F03F000E65B4 /* Resources */ = {
			isa = PBXResourcesBuildPhase;
			buildActionMask = 2147483647;
			files = (
				ABE778802517F044000E65B4 /* LaunchScreen.storyboard in Resources */,
				ABE7787D2517F044000E65B4 /* Assets.xcassets in Resources */,
				ABE7787B2517F03F000E65B4 /* Main.storyboard in Resources */,
			);
			runOnlyForDeploymentPostprocessing = 0;
		};
/* End PBXResourcesBuildPhase section */

/* Begin PBXSourcesBuildPhase section */
		ABE7786C2517F03F000E65B4 /* Sources */ = {
			isa = PBXSourcesBuildPhase;
			buildActionMask = 2147483647;
			files = (
				ABE778782517F03F000E65B4 /* ViewController.swift in Sources */,
				ABE778742517F03F000E65B4 /* AppDelegate.swift in Sources */,
				ABE778762517F03F000E65B4 /* SceneDelegate.swift in Sources */,
			);
			runOnlyForDeploymentPostprocessing = 0;
		};
/* End PBXSourcesBuildPhase section */

/* Begin PBXVariantGroup section */
		ABE778792517F03F000E65B4 /* Main.storyboard */ = {
			isa = PBXVariantGroup;
			children = (
				ABE7787A2517F03F000E65B4 /* Base */,
			);
			name = Main.storyboard;
			sourceTree = "<group>";
		};
		ABE7787E2517F044000E65B4 /* LaunchScreen.storyboard */ = {
			isa = PBXVariantGroup;
			children = (
				ABE7787F2517F044000E65B4 /* Base */,
			);
			name = LaunchScreen.storyboard;
			sourceTree = "<group>";
		};
/* End PBXVariantGroup section */

/* Begin XCBuildConfiguration section */
		ABE778822517F044000E65B4 /* Debug */ = {
			isa = XCBuildConfiguration;
			buildSettings = {
				ALWAYS_SEARCH_USER_PATHS = NO;
				CLANG_ANALYZER_NONNULL = YES;
				CLANG_ANALYZER_NUMBER_OBJECT_CONVERSION = YES_AGGRESSIVE;
				CLANG_CXX_LANGUAGE_STANDARD = "gnu++14";
				CLANG_CXX_LIBRARY = "libc++";
				CLANG_ENABLE_MODULES = YES;
				CLANG_ENABLE_OBJC_ARC = YES;
				CLANG_ENABLE_OBJC_WEAK = YES;
				CLANG_WARN_BLOCK_CAPTURE_AUTORELEASING = YES;
				CLANG_WARN_BOOL_CONVERSION = YES;
				CLANG_WARN_COMMA = YES;
				CLANG_WARN_CONSTANT_CONVERSION = YES;
				CLANG_WARN_DEPRECATED_OBJC_IMPLEMENTATIONS = YES;
				CLANG_WARN_DIRECT_OBJC_ISA_USAGE = YES_ERROR;
				CLANG_WARN_DOCUMENTATION_COMMENTS = YES;
				CLANG_WARN_EMPTY_BODY = YES;
				CLANG_WARN_ENUM_CONVERSION = YES;
				CLANG_WARN_INFINITE_RECURSION = YES;
				CLANG_WARN_INT_CONVERSION = YES;
				CLANG_WARN_NON_LITERAL_NULL_CONVERSION = YES;
				CLANG_WARN_OBJC_IMPLICIT_RETAIN_SELF = YES;
				CLANG_WARN_OBJC_LITERAL_CONVERSION = YES;
				CLANG_WARN_OBJC_ROOT_CLASS = YES_ERROR;
				CLANG_WARN_RANGE_LOOP_ANALYSIS = YES;
				CLANG_WARN_STRICT_PROTOTYPES = YES;
				CLANG_WARN_SUSPICIOUS_MOVE = YES;
				CLANG_WARN_UNGUARDED_AVAILABILITY = YES_AGGRESSIVE;
				CLANG_WARN_UNREACHABLE_CODE = YES;
				CLANG_WARN__DUPLICATE_METHOD_MATCH = YES;
				COPY_PHASE_STRIP = NO;
				DEBUG_INFORMATION_FORMAT = dwarf;
				ENABLE_STRICT_OBJC_MSGSEND = YES;
				ENABLE_TESTABILITY = YES;
				GCC_C_LANGUAGE_STANDARD = gnu11;
				GCC_DYNAMIC_NO_PIC = NO;
				GCC_NO_COMMON_BLOCKS = YES;
				GCC_OPTIMIZATION_LEVEL = 0;
				GCC_PREPROCESSOR_DEFINITIONS = (
					"DEBUG=1",
					"$(inherited)",
				);
				GCC_WARN_64_TO_32_BIT_CONVERSION = YES;
				GCC_WARN_ABOUT_RETURN_TYPE = YES_ERROR;
				GCC_WARN_UNDECLARED_SELECTOR = YES;
				GCC_WARN_UNINITIALIZED_AUTOS = YES_AGGRESSIVE;
				GCC_WARN_UNUSED_FUNCTION = YES;
				GCC_WARN_UNUSED_VARIABLE = YES;
				IPHONEOS_DEPLOYMENT_TARGET = 13.6;
				MTL_ENABLE_DEBUG_INFO = INCLUDE_SOURCE;
				MTL_FAST_MATH = YES;
				ONLY_ACTIVE_ARCH = YES;
				SDKROOT = iphoneos;
				SWIFT_ACTIVE_COMPILATION_CONDITIONS = DEBUG;
				SWIFT_OPTIMIZATION_LEVEL = "-Onone";
			};
			name = Debug;
		};
		ABE778832517F044000E65B4 /* Release */ = {
			isa = XCBuildConfiguration;
			buildSettings = {
				ALWAYS_SEARCH_USER_PATHS = NO;
				CLANG_ANALYZER_NONNULL = YES;
				CLANG_ANALYZER_NUMBER_OBJECT_CONVERSION = YES_AGGRESSIVE;
				CLANG_CXX_LANGUAGE_STANDARD = "gnu++14";
				CLANG_CXX_LIBRARY = "libc++";
				CLANG_ENABLE_MODULES = YES;
				CLANG_ENABLE_OBJC_ARC = YES;
				CLANG_ENABLE_OBJC_WEAK = YES;
				CLANG_WARN_BLOCK_CAPTURE_AUTORELEASING = YES;
				CLANG_WARN_BOOL_CONVERSION = YES;
				CLANG_WARN_COMMA = YES;
				CLANG_WARN_CONSTANT_CONVERSION = YES;
				CLANG_WARN_DEPRECATED_OBJC_IMPLEMENTATIONS = YES;
				CLANG_WARN_DIRECT_OBJC_ISA_USAGE = YES_ERROR;
				CLANG_WARN_DOCUMENTATION_COMMENTS = YES;
				CLANG_WARN_EMPTY_BODY = YES;
				CLANG_WARN_ENUM_CONVERSION = YES;
				CLANG_WARN_INFINITE_RECURSION = YES;
				CLANG_WARN_INT_CONVERSION = YES;
				CLANG_WARN_NON_LITERAL_NULL_CONVERSION = YES;
				CLANG_WARN_OBJC_IMPLICIT_RETAIN_SELF = YES;
				CLANG_WARN_OBJC_LITERAL_CONVERSION = YES;
				CLANG_WARN_OBJC_ROOT_CLASS = YES_ERROR;
				CLANG_WARN_RANGE_LOOP_ANALYSIS = YES;
				CLANG_WARN_STRICT_PROTOTYPES = YES;
				CLANG_WARN_SUSPICIOUS_MOVE = YES;
				CLANG_WARN_UNGUARDED_AVAILABILITY = YES_AGGRESSIVE;
				CLANG_WARN_UNREACHABLE_CODE = YES;
				CLANG_WARN__DUPLICATE_METHOD_MATCH = YES;
				COPY_PHASE_STRIP = NO;
				DEBUG_INFORMATION_FORMAT = "dwarf-with-dsym";
				ENABLE_NS_ASSERTIONS = NO;
				ENABLE_STRICT_OBJC_MSGSEND = YES;
				GCC_C_LANGUAGE_STANDARD = gnu11;
				GCC_NO_COMMON_BLOCKS = YES;
				GCC_WARN_64_TO_32_BIT_CONVERSION = YES;
				GCC_WARN_ABOUT_RETURN_TYPE = YES_ERROR;
				GCC_WARN_UNDECLARED_SELECTOR = YES;
				GCC_WARN_UNINITIALIZED_AUTOS = YES_AGGRESSIVE;
				GCC_WARN_UNUSED_FUNCTION = YES;
				GCC_WARN_UNUSED_VARIABLE = YES;
				IPHONEOS_DEPLOYMENT_TARGET = 13.6;
				MTL_ENABLE_DEBUG_INFO = NO;
				MTL_FAST_MATH = YES;
				SDKROOT = iphoneos;
				SWIFT_COMPILATION_MODE = wholemodule;
				SWIFT_OPTIMIZATION_LEVEL = "-O";
				VALIDATE_PRODUCT = YES;
			};
			name = Release;
		};
		ABE778852517F044000E65B4 /* Debug */ = {
			isa = XCBuildConfiguration;
			buildSettings = {
				ASSETCATALOG_COMPILER_APPICON_NAME = AppIcon;
				CODE_SIGN_STYLE = Automatic;
				DEVELOPMENT_TEAM = 75JHS4728D;
				INFOPLIST_FILE = BipTheGuy/Info.plist;
				LD_RUNPATH_SEARCH_PATHS = (
					"$(inherited)",
					"@executable_path/Frameworks",
				);
				PRODUCT_BUNDLE_IDENTIFIER = com.hur.BipTheGuy;
				PRODUCT_NAME = "$(TARGET_NAME)";
				SWIFT_VERSION = 5.0;
				TARGETED_DEVICE_FAMILY = "1,2";
			};
			name = Debug;
		};
		ABE778862517F044000E65B4 /* Release */ = {
			isa = XCBuildConfiguration;
			buildSettings = {
				ASSETCATALOG_COMPILER_APPICON_NAME = AppIcon;
				CODE_SIGN_STYLE = Automatic;
				DEVELOPMENT_TEAM = 75JHS4728D;
				INFOPLIST_FILE = BipTheGuy/Info.plist;
				LD_RUNPATH_SEARCH_PATHS = (
					"$(inherited)",
					"@executable_path/Frameworks",
				);
				PRODUCT_BUNDLE_IDENTIFIER = com.hur.BipTheGuy;
				PRODUCT_NAME = "$(TARGET_NAME)";
				SWIFT_VERSION = 5.0;
				TARGETED_DEVICE_FAMILY = "1,2";
			};
			name = Release;
		};
/* End XCBuildConfiguration section */

/* Begin XCConfigurationList section */
		ABE7786B2517F03F000E65B4 /* Build configuration list for PBXProject "BipTheGuy" */ = {
			isa = XCConfigurationList;
			buildConfigurations = (
				ABE778822517F044000E65B4 /* Debug */,
				ABE778832517F044000E65B4 /* Release */,
			);
			defaultConfigurationIsVisible = 0;
			defaultConfigurationName = Release;
		};
		ABE778842517F044000E65B4 /* Build configuration list for PBXNativeTarget "BipTheGuy" */ = {
			isa = XCConfigurationList;
			buildConfigurations = (
				ABE778852517F044000E65B4 /* Debug */,
				ABE778862517F044000E65B4 /* Release */,
			);
			defaultConfigurationIsVisible = 0;
			defaultConfigurationName = Release;
		};
/* End XCConfigurationList section */
	};
	rootObject = ABE778682517F03F000E65B4 /* Project object */;
}
